{
  "version": 4,
  "terraform_version": "1.5.7",
  "serial": 77,
  "lineage": "af0fd522-e911-e950-c6c7-ce130c840ff3",
  "outputs": {
    "key_vault_id": {
      "value": "/subscriptions/30ee9279-e76e-409d-8973-00c9792f6bcb/resourceGroups/rg-tf-demo-001/providers/Microsoft.KeyVault/vaults/kv-tf-demo-001",
      "type": "string"
    },
    "subnet_id": {
      "value": "/subscriptions/30ee9279-e76e-409d-8973-00c9792f6bcb/resourceGroups/rg-tf-demo-001/providers/Microsoft.Network/virtualNetworks/vnet-tf-demo-001/subnets/subnet-tf-demo-001",
      "type": "string"
    },
    "vm_public_ip": {
      "value": "20.73.158.178",
      "type": "string"
    }
  },
  "resources": [
    {
      "mode": "data",
      "type": "azurerm_client_config",
      "name": "current",
      "provider": "provider[\"registry.terraform.io/hashicorp/azurerm\"]",
      "instances": [
        {
          "schema_version": 0,
          "attributes": {
            "client_id": "04b07795-8ddb-461a-bbee-02f9e1bf7b46",
            "id": "Y2xpZW50Q29uZmlncy9jbGllbnRJZD0wNGIwNzc5NS04ZGRiLTQ2MWEtYmJlZS0wMmY5ZTFiZjdiNDY7b2JqZWN0SWQ9MGY3NzRlMWItYmNhYS00OTVjLThlMzAtZjFmYTAxN2Q1Njg2O3N1YnNjcmlwdGlvbklkPTMwZWU5Mjc5LWU3NmUtNDA5ZC04OTczLTAwYzk3OTJmNmJjYjt0ZW5hbnRJZD02YjY3OWZhZi01YzdiLTQ1YjYtOGM0Ni1mZTY3ZDhiYTVlNWI=",
            "object_id": "0f774e1b-bcaa-495c-8e30-f1fa017d5686",
            "subscription_id": "30ee9279-e76e-409d-8973-00c9792f6bcb",
            "tenant_id": "6b679faf-5c7b-45b6-8c46-fe67d8ba5e5b",
            "timeouts": null
          },
          "sensitive_attributes": []
        }
      ]
    },
    {
      "mode": "managed",
      "type": "azurerm_resource_group",
      "name": "rg",
      "provider": "provider[\"registry.terraform.io/hashicorp/azurerm\"]",
      "instances": [
        {
          "schema_version": 0,
          "attributes": {
            "id": "/subscriptions/30ee9279-e76e-409d-8973-00c9792f6bcb/resourceGroups/rg-tf-demo-001",
            "location": "westeurope",
            "managed_by": "",
            "name": "rg-tf-demo-001",
            "tags": {},
            "timeouts": null
          },
          "sensitive_attributes": [],
          "private": "eyJlMmJmYjczMC1lY2FhLTExZTYtOGY4OC0zNDM2M2JjN2M0YzAiOnsiY3JlYXRlIjo1NDAwMDAwMDAwMDAwLCJkZWxldGUiOjU0MDAwMDAwMDAwMDAsInJlYWQiOjMwMDAwMDAwMDAwMCwidXBkYXRlIjo1NDAwMDAwMDAwMDAwfX0="
        }
      ]
    },
    {
      "module": "module.key_vault",
      "mode": "data",
      "type": "azurerm_client_config",
      "name": "current",
      "provider": "provider[\"registry.terraform.io/hashicorp/azurerm\"]",
      "instances": [
        {
          "schema_version": 0,
          "attributes": {
            "client_id": "04b07795-8ddb-461a-bbee-02f9e1bf7b46",
            "id": "Y2xpZW50Q29uZmlncy9jbGllbnRJZD0wNGIwNzc5NS04ZGRiLTQ2MWEtYmJlZS0wMmY5ZTFiZjdiNDY7b2JqZWN0SWQ9MGY3NzRlMWItYmNhYS00OTVjLThlMzAtZjFmYTAxN2Q1Njg2O3N1YnNjcmlwdGlvbklkPTMwZWU5Mjc5LWU3NmUtNDA5ZC04OTczLTAwYzk3OTJmNmJjYjt0ZW5hbnRJZD02YjY3OWZhZi01YzdiLTQ1YjYtOGM0Ni1mZTY3ZDhiYTVlNWI=",
            "object_id": "0f774e1b-bcaa-495c-8e30-f1fa017d5686",
            "subscription_id": "30ee9279-e76e-409d-8973-00c9792f6bcb",
            "tenant_id": "6b679faf-5c7b-45b6-8c46-fe67d8ba5e5b",
            "timeouts": null
          },
          "sensitive_attributes": []
        }
      ]
    },
    {
      "module": "module.key_vault",
      "mode": "managed",
      "type": "azurerm_key_vault",
      "name": "kv",
      "provider": "provider[\"registry.terraform.io/hashicorp/azurerm\"]",
      "instances": [
        {
          "schema_version": 2,
          "attributes": {
            "access_policy": [
              {
                "application_id": "",
                "certificate_permissions": [],
                "key_permissions": [
                  "Get"
                ],
                "object_id": "0f774e1b-bcaa-495c-8e30-f1fa017d5686",
                "secret_permissions": [
                  "Get",
                  "Set",
                  "List",
                  "Delete",
                  "Recover",
                  "Purge"
                ],
                "storage_permissions": [
                  "Get"
                ],
                "tenant_id": "6b679faf-5c7b-45b6-8c46-fe67d8ba5e5b"
              }
            ],
            "contact": [],
            "enable_rbac_authorization": false,
            "enabled_for_deployment": false,
            "enabled_for_disk_encryption": true,
            "enabled_for_template_deployment": false,
            "id": "/subscriptions/30ee9279-e76e-409d-8973-00c9792f6bcb/resourceGroups/rg-tf-demo-001/providers/Microsoft.KeyVault/vaults/kv-tf-demo-001",
            "location": "westeurope",
            "name": "kv-tf-demo-001",
            "network_acls": [
              {
                "bypass": "AzureServices",
                "default_action": "Allow",
                "ip_rules": [],
                "virtual_network_subnet_ids": []
              }
            ],
            "public_network_access_enabled": true,
            "purge_protection_enabled": false,
            "resource_group_name": "rg-tf-demo-001",
            "sku_name": "standard",
            "soft_delete_retention_days": 7,
            "tags": {},
            "tenant_id": "6b679faf-5c7b-45b6-8c46-fe67d8ba5e5b",
            "timeouts": null,
            "vault_uri": "https://kv-tf-demo-001.vault.azure.net/"
          },
          "sensitive_attributes": [],
          "private": "eyJlMmJmYjczMC1lY2FhLTExZTYtOGY4OC0zNDM2M2JjN2M0YzAiOnsiY3JlYXRlIjoxODAwMDAwMDAwMDAwLCJkZWxldGUiOjE4MDAwMDAwMDAwMDAsInJlYWQiOjMwMDAwMDAwMDAwMCwidXBkYXRlIjoxODAwMDAwMDAwMDAwfSwic2NoZW1hX3ZlcnNpb24iOiIyIn0=",
          "dependencies": [
            "azurerm_resource_group.rg",
            "module.key_vault.data.azurerm_client_config.current"
          ]
        }
      ]
    },
    {
      "module": "module.key_vault",
      "mode": "managed",
      "type": "azurerm_key_vault_secret",
      "name": "kvssaak",
      "provider": "provider[\"registry.terraform.io/hashicorp/azurerm\"]",
      "instances": [
        {
          "schema_version": 0,
          "attributes": {
            "content_type": "",
            "expiration_date": null,
            "id": "https://kv-tf-demo-001.vault.azure.net/secrets/storage-account-access-key/e4975233e81145e19dee2080942411bc",
            "key_vault_id": "/subscriptions/30ee9279-e76e-409d-8973-00c9792f6bcb/resourceGroups/rg-tf-demo-001/providers/Microsoft.KeyVault/vaults/kv-tf-demo-001",
            "name": "storage-account-access-key",
            "not_before_date": null,
            "resource_id": "/subscriptions/30ee9279-e76e-409d-8973-00c9792f6bcb/resourceGroups/rg-tf-demo-001/providers/Microsoft.KeyVault/vaults/kv-tf-demo-001/secrets/storage-account-access-key/versions/e4975233e81145e19dee2080942411bc",
            "resource_versionless_id": "/subscriptions/30ee9279-e76e-409d-8973-00c9792f6bcb/resourceGroups/rg-tf-demo-001/providers/Microsoft.KeyVault/vaults/kv-tf-demo-001/secrets/storage-account-access-key",
            "tags": null,
            "timeouts": null,
            "value": "default_storage_account_key",
            "version": "e4975233e81145e19dee2080942411bc",
            "versionless_id": "https://kv-tf-demo-001.vault.azure.net/secrets/storage-account-access-key"
          },
          "sensitive_attributes": [
            [
              {
                "type": "get_attr",
                "value": "value"
              }
            ]
          ],
          "private": "eyJlMmJmYjczMC1lY2FhLTExZTYtOGY4OC0zNDM2M2JjN2M0YzAiOnsiY3JlYXRlIjoxODAwMDAwMDAwMDAwLCJkZWxldGUiOjE4MDAwMDAwMDAwMDAsInJlYWQiOjE4MDAwMDAwMDAwMDAsInVwZGF0ZSI6MTgwMDAwMDAwMDAwMH19",
          "dependencies": [
            "azurerm_resource_group.rg",
            "module.key_vault.azurerm_key_vault.kv",
            "module.key_vault.data.azurerm_client_config.current"
          ]
        }
      ]
    },
    {
      "module": "module.key_vault",
      "mode": "managed",
      "type": "azurerm_key_vault_secret",
      "name": "kvsvm",
      "provider": "provider[\"registry.terraform.io/hashicorp/azurerm\"]",
      "instances": [
        {
          "schema_version": 0,
          "attributes": {
            "content_type": "",
            "expiration_date": null,
            "id": "https://kv-tf-demo-001.vault.azure.net/secrets/vm-credentials/71b766257508414aa43c389e1f3163a5",
            "key_vault_id": "/subscriptions/30ee9279-e76e-409d-8973-00c9792f6bcb/resourceGroups/rg-tf-demo-001/providers/Microsoft.KeyVault/vaults/kv-tf-demo-001",
            "name": "vm-credentials",
            "not_before_date": null,
            "resource_id": "/subscriptions/30ee9279-e76e-409d-8973-00c9792f6bcb/resourceGroups/rg-tf-demo-001/providers/Microsoft.KeyVault/vaults/kv-tf-demo-001/secrets/vm-credentials/versions/71b766257508414aa43c389e1f3163a5",
            "resource_versionless_id": "/subscriptions/30ee9279-e76e-409d-8973-00c9792f6bcb/resourceGroups/rg-tf-demo-001/providers/Microsoft.KeyVault/vaults/kv-tf-demo-001/secrets/vm-credentials",
            "tags": null,
            "timeouts": null,
            "value": "{\"password\":\"P@ssw0rd123!\",\"username\":\"adminuser\"}",
            "version": "71b766257508414aa43c389e1f3163a5",
            "versionless_id": "https://kv-tf-demo-001.vault.azure.net/secrets/vm-credentials"
          },
          "sensitive_attributes": [
            [
              {
                "type": "get_attr",
                "value": "value"
              }
            ]
          ],
          "private": "eyJlMmJmYjczMC1lY2FhLTExZTYtOGY4OC0zNDM2M2JjN2M0YzAiOnsiY3JlYXRlIjoxODAwMDAwMDAwMDAwLCJkZWxldGUiOjE4MDAwMDAwMDAwMDAsInJlYWQiOjE4MDAwMDAwMDAwMDAsInVwZGF0ZSI6MTgwMDAwMDAwMDAwMH19",
          "dependencies": [
            "azurerm_resource_group.rg",
            "module.key_vault.azurerm_key_vault.kv",
            "module.key_vault.data.azurerm_client_config.current"
          ]
        }
      ]
    },
    {
      "module": "module.network",
      "mode": "managed",
      "type": "azurerm_network_security_group",
      "name": "nsg",
      "provider": "provider[\"registry.terraform.io/hashicorp/azurerm\"]",
      "instances": [
        {
          "schema_version": 0,
          "attributes": {
            "id": "/subscriptions/30ee9279-e76e-409d-8973-00c9792f6bcb/resourceGroups/rg-tf-demo-001/providers/Microsoft.Network/networkSecurityGroups/nsg-tf-demo-001",
            "location": "westeurope",
            "name": "nsg-tf-demo-001",
            "resource_group_name": "rg-tf-demo-001",
            "security_rule": [],
            "tags": {},
            "timeouts": null
          },
          "sensitive_attributes": [],
          "private": "eyJlMmJmYjczMC1lY2FhLTExZTYtOGY4OC0zNDM2M2JjN2M0YzAiOnsiY3JlYXRlIjoxODAwMDAwMDAwMDAwLCJkZWxldGUiOjE4MDAwMDAwMDAwMDAsInJlYWQiOjMwMDAwMDAwMDAwMCwidXBkYXRlIjoxODAwMDAwMDAwMDAwfX0=",
          "dependencies": [
            "azurerm_resource_group.rg"
          ]
        }
      ]
    },
    {
      "module": "module.network",
      "mode": "managed",
      "type": "azurerm_subnet",
      "name": "subnet",
      "provider": "provider[\"registry.terraform.io/hashicorp/azurerm\"]",
      "instances": [
        {
          "schema_version": 0,
          "attributes": {
            "address_prefixes": [
              "10.0.1.0/24"
            ],
            "default_outbound_access_enabled": true,
            "delegation": [],
            "id": "/subscriptions/30ee9279-e76e-409d-8973-00c9792f6bcb/resourceGroups/rg-tf-demo-001/providers/Microsoft.Network/virtualNetworks/vnet-tf-demo-001/subnets/subnet-tf-demo-001",
            "name": "subnet-tf-demo-001",
            "private_endpoint_network_policies": "Disabled",
            "private_link_service_network_policies_enabled": true,
            "resource_group_name": "rg-tf-demo-001",
            "service_endpoint_policy_ids": [],
            "service_endpoints": [],
            "timeouts": null,
            "virtual_network_name": "vnet-tf-demo-001"
          },
          "sensitive_attributes": [],
          "private": "eyJlMmJmYjczMC1lY2FhLTExZTYtOGY4OC0zNDM2M2JjN2M0YzAiOnsiY3JlYXRlIjoxODAwMDAwMDAwMDAwLCJkZWxldGUiOjE4MDAwMDAwMDAwMDAsInJlYWQiOjMwMDAwMDAwMDAwMCwidXBkYXRlIjoxODAwMDAwMDAwMDAwfX0=",
          "dependencies": [
            "azurerm_resource_group.rg",
            "module.network.azurerm_virtual_network.vnet"
          ]
        }
      ]
    },
    {
      "module": "module.network",
      "mode": "managed",
      "type": "azurerm_subnet_network_security_group_association",
      "name": "snsga",
      "provider": "provider[\"registry.terraform.io/hashicorp/azurerm\"]",
      "instances": [
        {
          "schema_version": 0,
          "attributes": {
            "id": "/subscriptions/30ee9279-e76e-409d-8973-00c9792f6bcb/resourceGroups/rg-tf-demo-001/providers/Microsoft.Network/virtualNetworks/vnet-tf-demo-001/subnets/subnet-tf-demo-001",
            "network_security_group_id": "/subscriptions/30ee9279-e76e-409d-8973-00c9792f6bcb/resourceGroups/rg-tf-demo-001/providers/Microsoft.Network/networkSecurityGroups/nsg-tf-demo-001",
            "subnet_id": "/subscriptions/30ee9279-e76e-409d-8973-00c9792f6bcb/resourceGroups/rg-tf-demo-001/providers/Microsoft.Network/virtualNetworks/vnet-tf-demo-001/subnets/subnet-tf-demo-001",
            "timeouts": null
          },
          "sensitive_attributes": [],
          "private": "eyJlMmJmYjczMC1lY2FhLTExZTYtOGY4OC0zNDM2M2JjN2M0YzAiOnsiY3JlYXRlIjoxODAwMDAwMDAwMDAwLCJkZWxldGUiOjE4MDAwMDAwMDAwMDAsInJlYWQiOjMwMDAwMDAwMDAwMH19",
          "dependencies": [
            "azurerm_resource_group.rg",
            "module.network.azurerm_network_security_group.nsg",
            "module.network.azurerm_subnet.subnet",
            "module.network.azurerm_virtual_network.vnet"
          ]
        }
      ]
    },
    {
      "module": "module.network",
      "mode": "managed",
      "type": "azurerm_virtual_network",
      "name": "vnet",
      "provider": "provider[\"registry.terraform.io/hashicorp/azurerm\"]",
      "instances": [
        {
          "schema_version": 0,
          "attributes": {
            "address_space": [
              "10.0.0.0/16"
            ],
            "bgp_community": "",
            "ddos_protection_plan": [],
            "dns_servers": [],
            "edge_zone": "",
            "encryption": [],
            "flow_timeout_in_minutes": 0,
            "guid": "da520e10-491c-4bee-9c9f-edbeb4ea283e",
            "id": "/subscriptions/30ee9279-e76e-409d-8973-00c9792f6bcb/resourceGroups/rg-tf-demo-001/providers/Microsoft.Network/virtualNetworks/vnet-tf-demo-001",
            "location": "westeurope",
            "name": "vnet-tf-demo-001",
            "resource_group_name": "rg-tf-demo-001",
            "subnet": [
              {
                "address_prefixes": [
                  "10.0.1.0/24"
                ],
                "default_outbound_access_enabled": true,
                "delegation": [],
                "id": "/subscriptions/30ee9279-e76e-409d-8973-00c9792f6bcb/resourceGroups/rg-tf-demo-001/providers/Microsoft.Network/virtualNetworks/vnet-tf-demo-001/subnets/subnet-tf-demo-001",
                "name": "subnet-tf-demo-001",
                "private_endpoint_network_policies": "Disabled",
                "private_link_service_network_policies_enabled": true,
                "route_table_id": "",
                "security_group": "/subscriptions/30ee9279-e76e-409d-8973-00c9792f6bcb/resourceGroups/rg-tf-demo-001/providers/Microsoft.Network/networkSecurityGroups/nsg-tf-demo-001",
                "service_endpoint_policy_ids": [],
                "service_endpoints": []
              }
            ],
            "tags": {
              "environment": "Test"
            },
            "timeouts": null
          },
          "sensitive_attributes": [],
          "private": "eyJlMmJmYjczMC1lY2FhLTExZTYtOGY4OC0zNDM2M2JjN2M0YzAiOnsiY3JlYXRlIjoxODAwMDAwMDAwMDAwLCJkZWxldGUiOjE4MDAwMDAwMDAwMDAsInJlYWQiOjMwMDAwMDAwMDAwMCwidXBkYXRlIjoxODAwMDAwMDAwMDAwfX0=",
          "dependencies": [
            "azurerm_resource_group.rg"
          ]
        }
      ]
    },
    {
      "module": "module.storage",
      "mode": "managed",
      "type": "azurerm_storage_account",
      "name": "sa",
      "provider": "provider[\"registry.terraform.io/hashicorp/azurerm\"]",
      "instances": [
        {
          "schema_version": 4,
          "attributes": {
            "access_tier": "Hot",
            "account_kind": "StorageV2",
            "account_replication_type": "GRS",
            "account_tier": "Standard",
            "allow_nested_items_to_be_public": true,
            "allowed_copy_scope": "",
            "azure_files_authentication": [],
            "blob_properties": [
              {
                "change_feed_enabled": false,
                "change_feed_retention_in_days": 0,
                "container_delete_retention_policy": [],
                "cors_rule": [],
                "default_service_version": "",
                "delete_retention_policy": [],
                "last_access_time_enabled": false,
                "restore_policy": [],
                "versioning_enabled": false
              }
            ],
            "cross_tenant_replication_enabled": false,
            "custom_domain": [],
            "customer_managed_key": [],
            "default_to_oauth_authentication": false,
            "dns_endpoint_type": "Standard",
            "edge_zone": "",
            "https_traffic_only_enabled": true,
            "id": "/subscriptions/30ee9279-e76e-409d-8973-00c9792f6bcb/resourceGroups/rg-tf-demo-001/providers/Microsoft.Storage/storageAccounts/satfdemosd9o1v",
            "identity": [],
            "immutability_policy": [],
            "infrastructure_encryption_enabled": false,
            "is_hns_enabled": false,
            "large_file_share_enabled": false,
            "local_user_enabled": true,
            "location": "westeurope",
            "min_tls_version": "TLS1_2",
            "name": "satfdemosd9o1v",
            "network_rules": [],
            "nfsv3_enabled": false,
            "primary_access_key": "m5qUA7ES4OTaq3sKSgwCus+NueZUoi6ai1BEDyorOMRvJAyP7A2BYx+vT4aze2DWlOR0l5I6k0ub+AStCa5c4g==",
            "primary_blob_connection_string": "DefaultEndpointsProtocol=https;BlobEndpoint=https://satfdemosd9o1v.blob.core.windows.net/;AccountName=satfdemosd9o1v;AccountKey=m5qUA7ES4OTaq3sKSgwCus+NueZUoi6ai1BEDyorOMRvJAyP7A2BYx+vT4aze2DWlOR0l5I6k0ub+AStCa5c4g==",
            "primary_blob_endpoint": "https://satfdemosd9o1v.blob.core.windows.net/",
            "primary_blob_host": "satfdemosd9o1v.blob.core.windows.net",
            "primary_blob_internet_endpoint": "",
            "primary_blob_internet_host": "",
            "primary_blob_microsoft_endpoint": "",
            "primary_blob_microsoft_host": "",
            "primary_connection_string": "DefaultEndpointsProtocol=https;AccountName=satfdemosd9o1v;AccountKey=m5qUA7ES4OTaq3sKSgwCus+NueZUoi6ai1BEDyorOMRvJAyP7A2BYx+vT4aze2DWlOR0l5I6k0ub+AStCa5c4g==;EndpointSuffix=core.windows.net",
            "primary_dfs_endpoint": "https://satfdemosd9o1v.dfs.core.windows.net/",
            "primary_dfs_host": "satfdemosd9o1v.dfs.core.windows.net",
            "primary_dfs_internet_endpoint": "",
            "primary_dfs_internet_host": "",
            "primary_dfs_microsoft_endpoint": "",
            "primary_dfs_microsoft_host": "",
            "primary_file_endpoint": "https://satfdemosd9o1v.file.core.windows.net/",
            "primary_file_host": "satfdemosd9o1v.file.core.windows.net",
            "primary_file_internet_endpoint": "",
            "primary_file_internet_host": "",
            "primary_file_microsoft_endpoint": "",
            "primary_file_microsoft_host": "",
            "primary_location": "westeurope",
            "primary_queue_endpoint": "https://satfdemosd9o1v.queue.core.windows.net/",
            "primary_queue_host": "satfdemosd9o1v.queue.core.windows.net",
            "primary_queue_microsoft_endpoint": "",
            "primary_queue_microsoft_host": "",
            "primary_table_endpoint": "https://satfdemosd9o1v.table.core.windows.net/",
            "primary_table_host": "satfdemosd9o1v.table.core.windows.net",
            "primary_table_microsoft_endpoint": "",
            "primary_table_microsoft_host": "",
            "primary_web_endpoint": "https://satfdemosd9o1v.z6.web.core.windows.net/",
            "primary_web_host": "satfdemosd9o1v.z6.web.core.windows.net",
            "primary_web_internet_endpoint": "",
            "primary_web_internet_host": "",
            "primary_web_microsoft_endpoint": "",
            "primary_web_microsoft_host": "",
            "public_network_access_enabled": true,
            "queue_encryption_key_type": "Service",
            "queue_properties": [
              {
                "cors_rule": [],
                "hour_metrics": [
                  {
                    "enabled": true,
                    "include_apis": true,
                    "retention_policy_days": 7,
                    "version": "1.0"
                  }
                ],
                "logging": [
                  {
                    "delete": false,
                    "read": false,
                    "retention_policy_days": 0,
                    "version": "1.0",
                    "write": false
                  }
                ],
                "minute_metrics": [
                  {
                    "enabled": false,
                    "include_apis": false,
                    "retention_policy_days": 0,
                    "version": "1.0"
                  }
                ]
              }
            ],
            "resource_group_name": "rg-tf-demo-001",
            "routing": [],
            "sas_policy": [],
            "secondary_access_key": "Z254spGkrvBOM3eDtL/tOW3CY05RwHbQnvvdKalqIS4MEqjYaPDnCzKO22F2+mSNU1jm6L35qZqW+AStWU9dTA==",
            "secondary_blob_connection_string": "",
            "secondary_blob_endpoint": "",
            "secondary_blob_host": "",
            "secondary_blob_internet_endpoint": "",
            "secondary_blob_internet_host": "",
            "secondary_blob_microsoft_endpoint": "",
            "secondary_blob_microsoft_host": "",
            "secondary_connection_string": "DefaultEndpointsProtocol=https;AccountName=satfdemosd9o1v;AccountKey=Z254spGkrvBOM3eDtL/tOW3CY05RwHbQnvvdKalqIS4MEqjYaPDnCzKO22F2+mSNU1jm6L35qZqW+AStWU9dTA==;EndpointSuffix=core.windows.net",
            "secondary_dfs_endpoint": "",
            "secondary_dfs_host": "",
            "secondary_dfs_internet_endpoint": "",
            "secondary_dfs_internet_host": "",
            "secondary_dfs_microsoft_endpoint": "",
            "secondary_dfs_microsoft_host": "",
            "secondary_file_endpoint": "",
            "secondary_file_host": "",
            "secondary_file_internet_endpoint": "",
            "secondary_file_internet_host": "",
            "secondary_file_microsoft_endpoint": "",
            "secondary_file_microsoft_host": "",
            "secondary_location": "northeurope",
            "secondary_queue_endpoint": "",
            "secondary_queue_host": "",
            "secondary_queue_microsoft_endpoint": "",
            "secondary_queue_microsoft_host": "",
            "secondary_table_endpoint": "",
            "secondary_table_host": "",
            "secondary_table_microsoft_endpoint": "",
            "secondary_table_microsoft_host": "",
            "secondary_web_endpoint": "",
            "secondary_web_host": "",
            "secondary_web_internet_endpoint": "",
            "secondary_web_internet_host": "",
            "secondary_web_microsoft_endpoint": "",
            "secondary_web_microsoft_host": "",
            "sftp_enabled": false,
            "share_properties": [
              {
                "cors_rule": [],
                "retention_policy": [
                  {
                    "days": 7
                  }
                ],
                "smb": []
              }
            ],
            "shared_access_key_enabled": true,
            "static_website": [],
            "table_encryption_key_type": "Service",
            "tags": {
              "environment": "staging"
            },
            "timeouts": null
          },
          "sensitive_attributes": [],
          "private": "eyJlMmJmYjczMC1lY2FhLTExZTYtOGY4OC0zNDM2M2JjN2M0YzAiOnsiY3JlYXRlIjozNjAwMDAwMDAwMDAwLCJkZWxldGUiOjM2MDAwMDAwMDAwMDAsInJlYWQiOjMwMDAwMDAwMDAwMCwidXBkYXRlIjozNjAwMDAwMDAwMDAwfSwic2NoZW1hX3ZlcnNpb24iOiI0In0=",
          "dependencies": [
            "azurerm_resource_group.rg",
            "module.storage.random_string.suffix"
          ]
        }
      ]
    },
    {
      "module": "module.storage",
      "mode": "managed",
      "type": "azurerm_storage_container",
      "name": "sc",
      "provider": "provider[\"registry.terraform.io/hashicorp/azurerm\"]",
      "instances": [
        {
          "schema_version": 1,
          "attributes": {
            "container_access_type": "private",
            "default_encryption_scope": "$account-encryption-key",
            "encryption_scope_override_enabled": true,
            "has_immutability_policy": false,
            "has_legal_hold": false,
            "id": "https://satfdemosd9o1v.blob.core.windows.net/sctfdemo001",
            "metadata": {},
            "name": "sctfdemo001",
            "resource_manager_id": "/subscriptions/30ee9279-e76e-409d-8973-00c9792f6bcb/resourceGroups/rg-tf-demo-001/providers/Microsoft.Storage/storageAccounts/satfdemosd9o1v/blobServices/default/containers/sctfdemo001",
            "storage_account_name": "satfdemosd9o1v",
            "timeouts": null
          },
          "sensitive_attributes": [],
          "private": "eyJlMmJmYjczMC1lY2FhLTExZTYtOGY4OC0zNDM2M2JjN2M0YzAiOnsiY3JlYXRlIjoxODAwMDAwMDAwMDAwLCJkZWxldGUiOjE4MDAwMDAwMDAwMDAsInJlYWQiOjMwMDAwMDAwMDAwMCwidXBkYXRlIjoxODAwMDAwMDAwMDAwfSwic2NoZW1hX3ZlcnNpb24iOiIxIn0=",
          "dependencies": [
            "azurerm_resource_group.rg",
            "module.storage.azurerm_storage_account.sa",
            "module.storage.random_string.suffix"
          ]
        }
      ]
    },
    {
      "module": "module.storage",
      "mode": "managed",
      "type": "random_string",
      "name": "suffix",
      "provider": "provider[\"registry.terraform.io/hashicorp/random\"]",
      "instances": [
        {
          "schema_version": 2,
          "attributes": {
            "id": "sd9o1v",
            "keepers": null,
            "length": 6,
            "lower": true,
            "min_lower": 0,
            "min_numeric": 0,
            "min_special": 0,
            "min_upper": 0,
            "number": true,
            "numeric": true,
            "override_special": null,
            "result": "sd9o1v",
            "special": false,
            "upper": false
          },
          "sensitive_attributes": []
        }
      ]
    },
    {
      "module": "module.virtual_machine",
      "mode": "managed",
      "type": "azurerm_linux_virtual_machine",
      "name": "vm",
      "provider": "provider[\"registry.terraform.io/hashicorp/azurerm\"]",
      "instances": [
        {
          "schema_version": 0,
          "attributes": {
            "additional_capabilities": [],
            "admin_password": null,
            "admin_ssh_key": [
              {
                "public_key": "ssh-rsa AAAAB3NzaC1yc2EAAAADAQABAAACAQCsdOqwGeuHsr7+MQbtbnuwwp3WdcCBtP5qQxYe978ZRYGVTTCERl2d7u6ofLu0CbLeDapldwhpb8cXsUd3YLBa9IGkuodejWT4q1Gf+8OJ24QiTXJ1Qt4r5+WkzoKsVsdpExPoH4JgVT2KLRkcenBlhXBcy/DkyuB7ajnYAHbRmX6TafvE4VTScXzYSWZiPjQBOE7+EuOuboGNmkonsIsyPqzpslPeRP/7wXUehWKygwT8g4w2ErbReAuHgDoI9TWzg6BbiU1bsD+OwZPRnXtnN0BrZO6uFEikskID0yiXO5D9o4HMjHGVyLVx4HL8ZmWfGDpLSS7RHj8Q/DpgaAgjy2FiDed/wMDfLIeIpO4C6oNkZwPyboZsd5/XPewlxlNkoN64FZrh9n2CkwrRoitfUq8DwGJ8d6IeJgXF+vvcu2pPWlMKjTuwKnRa4xYos5SoGHM+1FbIf+E8SAn/gDuHPRwbtulgSJ4ZZtr2YkrzS6y5OVhxw1nuZ/okdWThO9ReB4JygnyVU+cWtUre2ucI4XLL0Ob/lOg1aWXh61Z0mWT4rEI+09cnEaY3YgksrVC+sj4s5Npy9dOjjwWUSivIVBpzW/cR9YugnTkXERNyIt636OrTPi2O3TZVZ/SpLeKq3yAIuhWQfFzUITQdeH2QWs+AVqoBeenrnGFjOxvt6w== vannp@stud.ntnu.no\n",
                "username": "adminuser"
              }
            ],
            "admin_username": "adminuser",
            "allow_extension_operations": true,
            "availability_set_id": "",
            "boot_diagnostics": [],
            "bypass_platform_safety_checks_on_user_schedule_enabled": false,
            "capacity_reservation_group_id": "",
            "computer_name": "lvm-tf-demo-001",
            "custom_data": null,
            "dedicated_host_group_id": "",
            "dedicated_host_id": "",
            "disable_password_authentication": true,
            "disk_controller_type": "",
            "edge_zone": "",
            "encryption_at_host_enabled": false,
            "eviction_policy": "",
            "extensions_time_budget": "PT1H30M",
            "gallery_application": [],
            "id": "/subscriptions/30ee9279-e76e-409d-8973-00c9792f6bcb/resourceGroups/rg-tf-demo-001/providers/Microsoft.Compute/virtualMachines/lvm-tf-demo-001",
            "identity": [],
            "license_type": "",
            "location": "westeurope",
            "max_bid_price": -1,
            "name": "lvm-tf-demo-001",
            "network_interface_ids": [
              "/subscriptions/30ee9279-e76e-409d-8973-00c9792f6bcb/resourceGroups/rg-tf-demo-001/providers/Microsoft.Network/networkInterfaces/ni-tf-demo-001"
            ],
            "os_disk": [
              {
                "caching": "ReadWrite",
                "diff_disk_settings": [],
                "disk_encryption_set_id": "",
                "disk_size_gb": 30,
                "name": "lvm-tf-demo-001_disk1_494f69267c46401fbb6682befcb1225a",
                "secure_vm_disk_encryption_set_id": "",
                "security_encryption_type": "",
                "storage_account_type": "Standard_LRS",
                "write_accelerator_enabled": false
              }
            ],
            "os_image_notification": [],
            "patch_assessment_mode": "ImageDefault",
            "patch_mode": "ImageDefault",
            "plan": [],
            "platform_fault_domain": -1,
            "priority": "Regular",
            "private_ip_address": "10.0.1.4",
            "private_ip_addresses": [
              "10.0.1.4"
            ],
            "provision_vm_agent": true,
            "proximity_placement_group_id": "",
            "public_ip_address": "20.73.158.178",
            "public_ip_addresses": [
              "20.73.158.178"
            ],
            "reboot_setting": "",
            "resource_group_name": "rg-tf-demo-001",
            "secret": [],
            "secure_boot_enabled": false,
            "size": "Standard_F2",
            "source_image_id": "",
            "source_image_reference": [
              {
                "offer": "0001-com-ubuntu-server-jammy",
                "publisher": "Canonical",
                "sku": "22_04-lts",
                "version": "latest"
              }
            ],
            "tags": {},
            "termination_notification": [],
            "timeouts": null,
            "user_data": "",
            "virtual_machine_id": "b5e4c097-6591-40e8-8787-9b7de6894ae7",
            "virtual_machine_scale_set_id": "",
            "vm_agent_platform_updates_enabled": false,
            "vtpm_enabled": false,
            "zone": ""
          },
          "sensitive_attributes": [],
          "private": "eyJlMmJmYjczMC1lY2FhLTExZTYtOGY4OC0zNDM2M2JjN2M0YzAiOnsiY3JlYXRlIjoyNzAwMDAwMDAwMDAwLCJkZWxldGUiOjI3MDAwMDAwMDAwMDAsInJlYWQiOjMwMDAwMDAwMDAwMCwidXBkYXRlIjoyNzAwMDAwMDAwMDAwfX0=",
          "dependencies": [
            "azurerm_resource_group.rg",
            "module.network.azurerm_subnet.subnet",
            "module.network.azurerm_virtual_network.vnet",
            "module.virtual_machine.azurerm_network_interface.interface",
            "module.virtual_machine.azurerm_public_ip.pip"
          ]
        }
      ]
    },
    {
      "module": "module.virtual_machine",
      "mode": "managed",
      "type": "azurerm_network_interface",
      "name": "interface",
      "provider": "provider[\"registry.terraform.io/hashicorp/azurerm\"]",
      "instances": [
        {
          "schema_version": 0,
          "attributes": {
            "accelerated_networking_enabled": false,
            "applied_dns_servers": [],
            "auxiliary_mode": "",
            "auxiliary_sku": "",
            "dns_servers": [],
            "edge_zone": "",
            "id": "/subscriptions/30ee9279-e76e-409d-8973-00c9792f6bcb/resourceGroups/rg-tf-demo-001/providers/Microsoft.Network/networkInterfaces/ni-tf-demo-001",
            "internal_dns_name_label": "",
            "internal_domain_name_suffix": "cahffwq2jhxexhe53w5lj0rihg.ax.internal.cloudapp.net",
            "ip_configuration": [
              {
                "gateway_load_balancer_frontend_ip_configuration_id": "",
                "name": "internal",
                "primary": true,
                "private_ip_address": "10.0.1.4",
                "private_ip_address_allocation": "Dynamic",
                "private_ip_address_version": "IPv4",
                "public_ip_address_id": "/subscriptions/30ee9279-e76e-409d-8973-00c9792f6bcb/resourceGroups/rg-tf-demo-001/providers/Microsoft.Network/publicIPAddresses/pip-tf-demo-001",
                "subnet_id": "/subscriptions/30ee9279-e76e-409d-8973-00c9792f6bcb/resourceGroups/rg-tf-demo-001/providers/Microsoft.Network/virtualNetworks/vnet-tf-demo-001/subnets/subnet-tf-demo-001"
              }
            ],
            "ip_forwarding_enabled": false,
            "location": "westeurope",
            "mac_address": "00-22-48-80-EB-45",
            "name": "ni-tf-demo-001",
            "private_ip_address": "10.0.1.4",
            "private_ip_addresses": [
              "10.0.1.4"
            ],
            "resource_group_name": "rg-tf-demo-001",
            "tags": {},
            "timeouts": null,
            "virtual_machine_id": "/subscriptions/30ee9279-e76e-409d-8973-00c9792f6bcb/resourceGroups/rg-tf-demo-001/providers/Microsoft.Compute/virtualMachines/lvm-tf-demo-001"
          },
          "sensitive_attributes": [],
          "private": "eyJlMmJmYjczMC1lY2FhLTExZTYtOGY4OC0zNDM2M2JjN2M0YzAiOnsiY3JlYXRlIjoxODAwMDAwMDAwMDAwLCJkZWxldGUiOjE4MDAwMDAwMDAwMDAsInJlYWQiOjMwMDAwMDAwMDAwMCwidXBkYXRlIjoxODAwMDAwMDAwMDAwfX0=",
          "dependencies": [
            "azurerm_resource_group.rg",
            "module.network.azurerm_subnet.subnet",
            "module.network.azurerm_virtual_network.vnet",
            "module.virtual_machine.azurerm_public_ip.pip"
          ]
        }
      ]
    },
    {
      "module": "module.virtual_machine",
      "mode": "managed",
      "type": "azurerm_public_ip",
      "name": "pip",
      "provider": "provider[\"registry.terraform.io/hashicorp/azurerm\"]",
      "instances": [
        {
          "schema_version": 0,
          "attributes": {
            "allocation_method": "Static",
            "ddos_protection_mode": "VirtualNetworkInherited",
            "ddos_protection_plan_id": null,
            "domain_name_label": null,
            "edge_zone": "",
            "fqdn": null,
            "id": "/subscriptions/30ee9279-e76e-409d-8973-00c9792f6bcb/resourceGroups/rg-tf-demo-001/providers/Microsoft.Network/publicIPAddresses/pip-tf-demo-001",
            "idle_timeout_in_minutes": 4,
            "ip_address": "20.73.158.178",
            "ip_tags": {},
            "ip_version": "IPv4",
            "location": "westeurope",
            "name": "pip-tf-demo-001",
            "public_ip_prefix_id": null,
            "resource_group_name": "rg-tf-demo-001",
            "reverse_fqdn": null,
            "sku": "Standard",
            "sku_tier": "Regional",
            "tags": {},
            "timeouts": null,
            "zones": []
          },
          "sensitive_attributes": [],
          "private": "eyJlMmJmYjczMC1lY2FhLTExZTYtOGY4OC0zNDM2M2JjN2M0YzAiOnsiY3JlYXRlIjoxODAwMDAwMDAwMDAwLCJkZWxldGUiOjE4MDAwMDAwMDAwMDAsInJlYWQiOjMwMDAwMDAwMDAwMCwidXBkYXRlIjoxODAwMDAwMDAwMDAwfX0=",
          "dependencies": [
            "azurerm_resource_group.rg"
          ]
        }
      ]
    }
  ],
  "check_results": null
}
