{
  "version": 4,
  "terraform_version": "1.5.7",
  "serial": 90,
  "lineage": "af0fd522-e911-e950-c6c7-ce130c840ff3",
  "outputs": {},
  "resources": [
    {
      "mode": "managed",
      "type": "azurerm_resource_group",
      "name": "rg",
      "provider": "provider[\"registry.terraform.io/hashicorp/azurerm\"]",
      "instances": [
        {
          "schema_version": 0,
          "attributes": {
            "id": "/subscriptions/30ee9279-e76e-409d-8973-00c9792f6bcb/resourceGroups/rg-tf-demo-001",
            "location": "westeurope",
            "managed_by": "",
            "name": "rg-tf-demo-001",
            "tags": {},
            "timeouts": null
          },
          "sensitive_attributes": [],
          "private": "eyJlMmJmYjczMC1lY2FhLTExZTYtOGY4OC0zNDM2M2JjN2M0YzAiOnsiY3JlYXRlIjo1NDAwMDAwMDAwMDAwLCJkZWxldGUiOjU0MDAwMDAwMDAwMDAsInJlYWQiOjMwMDAwMDAwMDAwMCwidXBkYXRlIjo1NDAwMDAwMDAwMDAwfX0="
        }
      ]
    },
    {
      "module": "module.key_vault",
      "mode": "data",
      "type": "azurerm_client_config",
      "name": "current",
      "provider": "provider[\"registry.terraform.io/hashicorp/azurerm\"]",
      "instances": [
        {
          "schema_version": 0,
          "attributes": {
            "client_id": "04b07795-8ddb-461a-bbee-02f9e1bf7b46",
            "id": "Y2xpZW50Q29uZmlncy9jbGllbnRJZD0wNGIwNzc5NS04ZGRiLTQ2MWEtYmJlZS0wMmY5ZTFiZjdiNDY7b2JqZWN0SWQ9MGY3NzRlMWItYmNhYS00OTVjLThlMzAtZjFmYTAxN2Q1Njg2O3N1YnNjcmlwdGlvbklkPTMwZWU5Mjc5LWU3NmUtNDA5ZC04OTczLTAwYzk3OTJmNmJjYjt0ZW5hbnRJZD02YjY3OWZhZi01YzdiLTQ1YjYtOGM0Ni1mZTY3ZDhiYTVlNWI=",
            "object_id": "0f774e1b-bcaa-495c-8e30-f1fa017d5686",
            "subscription_id": "30ee9279-e76e-409d-8973-00c9792f6bcb",
            "tenant_id": "6b679faf-5c7b-45b6-8c46-fe67d8ba5e5b",
            "timeouts": null
          },
          "sensitive_attributes": []
        }
      ]
    },
    {
      "module": "module.key_vault",
      "mode": "managed",
      "type": "azurerm_key_vault",
      "name": "kv",
      "provider": "provider[\"registry.terraform.io/hashicorp/azurerm\"]",
      "instances": [
        {
          "schema_version": 2,
          "attributes": {
            "access_policy": [
              {
                "application_id": "",
                "certificate_permissions": [],
                "key_permissions": [
                  "Get"
                ],
                "object_id": "0f774e1b-bcaa-495c-8e30-f1fa017d5686",
                "secret_permissions": [
                  "Get",
                  "Set",
                  "List",
                  "Delete",
                  "Recover",
                  "Purge"
                ],
                "storage_permissions": [
                  "Get"
                ],
                "tenant_id": "6b679faf-5c7b-45b6-8c46-fe67d8ba5e5b"
              }
            ],
            "contact": [],
            "enable_rbac_authorization": false,
            "enabled_for_deployment": false,
            "enabled_for_disk_encryption": true,
            "enabled_for_template_deployment": false,
            "id": "/subscriptions/30ee9279-e76e-409d-8973-00c9792f6bcb/resourceGroups/rg-tf-demo-001/providers/Microsoft.KeyVault/vaults/kv-tf-demo-001",
            "location": "westeurope",
            "name": "kv-tf-demo-001",
            "network_acls": [
              {
                "bypass": "AzureServices",
                "default_action": "Allow",
                "ip_rules": [],
                "virtual_network_subnet_ids": []
              }
            ],
            "public_network_access_enabled": true,
            "purge_protection_enabled": false,
            "resource_group_name": "rg-tf-demo-001",
            "sku_name": "standard",
            "soft_delete_retention_days": 7,
            "tags": {},
            "tenant_id": "6b679faf-5c7b-45b6-8c46-fe67d8ba5e5b",
            "timeouts": null,
            "vault_uri": "https://kv-tf-demo-001.vault.azure.net/"
          },
          "sensitive_attributes": [],
          "private": "eyJlMmJmYjczMC1lY2FhLTExZTYtOGY4OC0zNDM2M2JjN2M0YzAiOnsiY3JlYXRlIjoxODAwMDAwMDAwMDAwLCJkZWxldGUiOjE4MDAwMDAwMDAwMDAsInJlYWQiOjMwMDAwMDAwMDAwMCwidXBkYXRlIjoxODAwMDAwMDAwMDAwfSwic2NoZW1hX3ZlcnNpb24iOiIyIn0=",
          "dependencies": [
            "azurerm_resource_group.rg",
            "module.key_vault.data.azurerm_client_config.current"
          ]
        }
      ]
    }
  ],
  "check_results": null
}
